
Microsoft Visual Studio Solution File, Format Version 12.00
# Visual Studio Version 17
VisualStudioVersion = 17.7.34024.191
MinimumVisualStudioVersion = 10.0.40219.1
Project("{FAE04EC0-301F-11D3-BF4B-00C04F79EFBC}") = "EdithTour", "EdithTour.csproj", "{801399DF-B0EC-49B9-8669-EEE69127D3F8}"
EndProject
Global
	GlobalSection(SolutionConfigurationPlatforms) = preSolution
		Debug|Any CPU = Debug|Any CPU
		Release|Any CPU = Release|Any CPU
	EndGlobalSection
	GlobalSection(ProjectConfigurationPlatforms) = postSolution
		{801399DF-B0EC-49B9-8669-EEE69127D3F8}.Debug|Any CPU.ActiveCfg = Debug|Any CPU
		{801399DF-B0EC-49B9-8669-EEE69127D3F8}.Debug|Any CPU.Build.0 = Debug|Any CPU
		{801399DF-B0EC-49B9-8669-EEE69127D3F8}.Release|Any CPU.ActiveCfg = Release|Any CPU
		{801399DF-B0EC-49B9-8669-EEE69127D3F8}.Release|Any CPU.Build.0 = Release|Any CPU
	EndGlobalSection
	GlobalSection(SolutionProperties) = preSolution
		HideSolutionNode = FALSE
	EndGlobalSection
	GlobalSection(ExtensibilityGlobals) = postSolution
		SolutionGuid = {4BB14450-0AEC-46F9-AE50-8CCB1953E97D}
	EndGlobalSection
EndGlobal
